
Microsoft Visual Studio Solution File, Format Version 12.00
# Visual Studio Version 16
VisualStudioVersion = 16.0.29409.12
MinimumVisualStudioVersion = 10.0.40219.1
Project("{FAE04EC0-301F-11D3-BF4B-00C04F79EFBC}") = "PrintSpoofer", "PrintSpoofer\PrintSpoofer.csproj", "{EAA64545-2320-4357-A30E-9122D874A153}"
EndProject
Global
	GlobalSection(SolutionConfigurationPlatforms) = preSolution
		Debug|Any CPU = Debug|Any CPU
		Debug|x64 = Debug|x64
		Release|Any CPU = Release|Any CPU
		Release|x64 = Release|x64
	EndGlobalSection
	GlobalSection(ProjectConfigurationPlatforms) = postSolution
		{EAA64545-2320-4357-A30E-9122D874A153}.Debug|Any CPU.ActiveCfg = Debug|Any CPU
		{EAA64545-2320-4357-A30E-9122D874A153}.Debug|Any CPU.Build.0 = Debug|Any CPU
		{EAA64545-2320-4357-A30E-9122D874A153}.Debug|x64.ActiveCfg = Debug|x64
		{EAA64545-2320-4357-A30E-9122D874A153}.Debug|x64.Build.0 = Debug|x64
		{EAA64545-2320-4357-A30E-9122D874A153}.Release|Any CPU.ActiveCfg = Release|Any CPU
		{EAA64545-2320-4357-A30E-9122D874A153}.Release|Any CPU.Build.0 = Release|Any CPU
		{EAA64545-2320-4357-A30E-9122D874A153}.Release|x64.ActiveCfg = Release|x64
		{EAA64545-2320-4357-A30E-9122D874A153}.Release|x64.Build.0 = Release|x64
	EndGlobalSection
	GlobalSection(SolutionProperties) = preSolution
		HideSolutionNode = FALSE
	EndGlobalSection
	GlobalSection(ExtensibilityGlobals) = postSolution
		SolutionGuid = {0457EEDF-8BE6-4DAF-8A44-849183A9FE6D}
	EndGlobalSection
EndGlobal
